
Microsoft Visual Studio Solution File, Format Version 12.00
# Visual Studio Version 16
VisualStudioVersion = 16.0.29728.190
MinimumVisualStudioVersion = 10.0.40219.1
Project("{9A19103F-16F7-4668-BE54-9A1E7A4F7556}") = "HWParts.Core", "HWParts.Core\HWParts.Core.csproj", "{634009C2-421F-435A-B64E-960AB8371B0E}"
EndProject
Project("{9A19103F-16F7-4668-BE54-9A1E7A4F7556}") = "HWParts.Api", "HWParts.Api\HWParts.Api.csproj", "{A7327624-4F18-42FB-B87C-CC1B8420881E}"
EndProject
Global
	GlobalSection(SolutionConfigurationPlatforms) = preSolution
		Debug|Any CPU = Debug|Any CPU
		Release|Any CPU = Release|Any CPU
	EndGlobalSection
	GlobalSection(ProjectConfigurationPlatforms) = postSolution
		{634009C2-421F-435A-B64E-960AB8371B0E}.Debug|Any CPU.ActiveCfg = Debug|Any CPU
		{634009C2-421F-435A-B64E-960AB8371B0E}.Debug|Any CPU.Build.0 = Debug|Any CPU
		{634009C2-421F-435A-B64E-960AB8371B0E}.Release|Any CPU.ActiveCfg = Release|Any CPU
		{634009C2-421F-435A-B64E-960AB8371B0E}.Release|Any CPU.Build.0 = Release|Any CPU
		{A7327624-4F18-42FB-B87C-CC1B8420881E}.Debug|Any CPU.ActiveCfg = Debug|Any CPU
		{A7327624-4F18-42FB-B87C-CC1B8420881E}.Debug|Any CPU.Build.0 = Debug|Any CPU
		{A7327624-4F18-42FB-B87C-CC1B8420881E}.Release|Any CPU.ActiveCfg = Release|Any CPU
		{A7327624-4F18-42FB-B87C-CC1B8420881E}.Release|Any CPU.Build.0 = Release|Any CPU
	EndGlobalSection
	GlobalSection(SolutionProperties) = preSolution
		HideSolutionNode = FALSE
	EndGlobalSection
	GlobalSection(ExtensibilityGlobals) = postSolution
		SolutionGuid = {603743A2-A29C-4FAC-A938-527EB80EBEC1}
	EndGlobalSection
EndGlobal
